# This file was autogenerated by Stack.
# You should not edit this file by hand.
# For more information, please see the documentation at:
#   https://docs.haskellstack.org/en/stable/lock_files

snapshots:
- original: lts-9.21
  completed:
    sha256: 0a3be91c2bce851de4755003cfb1d85d62b6f90276231fcc305729c0c5c864a9
    url: https://raw.githubusercontent.com/commercialhaskell/stackage-snapshots/master/lts/9/21.yaml
    size: 537868
packages:
- original:
    hackage: syntactic-3.8.1@sha256:465ba605406af96741ad929b431eee8f5fc2d7caeaa150b77be7e7b3df400da8,5195
  completed:
    pantry-tree:
      sha256: 4fe1726399f8058f51d4b5fa943aa73133527b8e7127614b73bce7181b781e22
      size: 3052
    hackage: syntactic-3.8.1@sha256:465ba605406af96741ad929b431eee8f5fc2d7caeaa150b77be7e7b3df400da8,5195
- original:
    hackage: tree-view-0.5@sha256:85fbc67b53c1ef47f020a69051e6a29b27481698fe802cd2ed8ab0108aa69a38,1231
  completed:
    pantry-tree:
      sha256: d9a18211606d72c340943d0a23fc119e94561f81fa4be118764c8288d259aeff
      size: 215
    hackage: tree-view-0.5@sha256:85fbc67b53c1ef47f020a69051e6a29b27481698fe802cd2ed8ab0108aa69a38,1231
